
Microsoft Visual Studio Solution File, Format Version 12.00
# Visual Studio Version 16
VisualStudioVersion = 16.0.32630.194
MinimumVisualStudioVersion = 10.0.40219.1
Project("{FAE04EC0-301F-11D3-BF4B-00C04F79EFBC}") = "0927", "0927.csproj", "{16757277-D435-4434-9A3F-9F9E88C188FD}"
EndProject
Global
	GlobalSection(SolutionConfigurationPlatforms) = preSolution
		Debug|Any CPU = Debug|Any CPU
		Release|Any CPU = Release|Any CPU
	EndGlobalSection
	GlobalSection(ProjectConfigurationPlatforms) = postSolution
		{16757277-D435-4434-9A3F-9F9E88C188FD}.Debug|Any CPU.ActiveCfg = Debug|Any CPU
		{16757277-D435-4434-9A3F-9F9E88C188FD}.Debug|Any CPU.Build.0 = Debug|Any CPU
		{16757277-D435-4434-9A3F-9F9E88C188FD}.Release|Any CPU.ActiveCfg = Release|Any CPU
		{16757277-D435-4434-9A3F-9F9E88C188FD}.Release|Any CPU.Build.0 = Release|Any CPU
	EndGlobalSection
	GlobalSection(SolutionProperties) = preSolution
		HideSolutionNode = FALSE
	EndGlobalSection
	GlobalSection(ExtensibilityGlobals) = postSolution
		SolutionGuid = {6CB4C50A-6380-43C0-8967-C04653A2294C}
	EndGlobalSection
EndGlobal
